
Microsoft Visual Studio Solution File, Format Version 12.00
# Visual Studio Version 17
VisualStudioVersion = 17.2.32616.157
MinimumVisualStudioVersion = 10.0.40219.1
Project("{8BC9CEB8-8B4A-11D0-8D11-00A0C91BC942}") = "Game-Playing", "Game-Playing\Game-Playing.vcxproj", "{3EEFC7F3-894D-4C38-9F27-648D3B351DF9}"
EndProject
Project("{8BC9CEB8-8B4A-11D0-8D11-00A0C91BC942}") = "UnitTestGamePlaying", "UnitTestGamePlaying\UnitTestGamePlaying.vcxproj", "{3DBB56CC-66D1-45E8-8CA5-94654856F4D0}"
EndProject
Global
	GlobalSection(SolutionConfigurationPlatforms) = preSolution
		Debug|x64 = Debug|x64
		Debug|x86 = Debug|x86
		Release|x64 = Release|x64
		Release|x86 = Release|x86
	EndGlobalSection
	GlobalSection(ProjectConfigurationPlatforms) = postSolution
		{3EEFC7F3-894D-4C38-9F27-648D3B351DF9}.Debug|x64.ActiveCfg = Debug|x64
		{3EEFC7F3-894D-4C38-9F27-648D3B351DF9}.Debug|x64.Build.0 = Debug|x64
		{3EEFC7F3-894D-4C38-9F27-648D3B351DF9}.Debug|x86.ActiveCfg = Debug|Win32
		{3EEFC7F3-894D-4C38-9F27-648D3B351DF9}.Debug|x86.Build.0 = Debug|Win32
		{3EEFC7F3-894D-4C38-9F27-648D3B351DF9}.Release|x64.ActiveCfg = Release|x64
		{3EEFC7F3-894D-4C38-9F27-648D3B351DF9}.Release|x64.Build.0 = Release|x64
		{3EEFC7F3-894D-4C38-9F27-648D3B351DF9}.Release|x86.ActiveCfg = Release|Win32
		{3EEFC7F3-894D-4C38-9F27-648D3B351DF9}.Release|x86.Build.0 = Release|Win32
		{3DBB56CC-66D1-45E8-8CA5-94654856F4D0}.Debug|x64.ActiveCfg = Debug|x64
		{3DBB56CC-66D1-45E8-8CA5-94654856F4D0}.Debug|x64.Build.0 = Debug|x64
		{3DBB56CC-66D1-45E8-8CA5-94654856F4D0}.Debug|x86.ActiveCfg = Debug|Win32
		{3DBB56CC-66D1-45E8-8CA5-94654856F4D0}.Debug|x86.Build.0 = Debug|Win32
		{3DBB56CC-66D1-45E8-8CA5-94654856F4D0}.Release|x64.ActiveCfg = Release|x64
		{3DBB56CC-66D1-45E8-8CA5-94654856F4D0}.Release|x64.Build.0 = Release|x64
		{3DBB56CC-66D1-45E8-8CA5-94654856F4D0}.Release|x86.ActiveCfg = Release|Win32
		{3DBB56CC-66D1-45E8-8CA5-94654856F4D0}.Release|x86.Build.0 = Release|Win32
	EndGlobalSection
	GlobalSection(SolutionProperties) = preSolution
		HideSolutionNode = FALSE
	EndGlobalSection
	GlobalSection(ExtensibilityGlobals) = postSolution
		SolutionGuid = {E0C56778-D490-4F97-B19F-E74C378EF19E}
	EndGlobalSection
EndGlobal
