<?xml version="1.0" encoding="utf-8"?>
<Project ToolsVersion="4.0" xmlns="http://schemas.microsoft.com/developer/msbuild/2003">
  <ItemGroup>
    <Filter Include="Source Files">
      <UniqueIdentifier>{4FC737F1-C7A5-4376-A066-2A32D752A2FF}</UniqueIdentifier>
      <Extensions>cpp;c;cc;cxx;c++;cppm;ixx;def;odl;idl;hpj;bat;asm;asmx</Extensions>
    </Filter>
    <Filter Include="Header Files">
      <UniqueIdentifier>{93995380-89BD-4b04-88EB-625FBE52EBFB}</UniqueIdentifier>
      <Extensions>h;hh;hpp;hxx;h++;hm;inl;inc;ipp;xsd</Extensions>
    </Filter>
    <Filter Include="Resource Files">
      <UniqueIdentifier>{67DA6AB6-F800-4c08-8B7A-83BB121AAD01}</UniqueIdentifier>
      <Extensions>rc;ico;cur;bmp;dlg;rc2;rct;bin;rgs;gif;jpg;jpeg;jpe;resx;tiff;tif;png;wav;mfcribbon-ms</Extensions>
    </Filter>
  </ItemGroup>
  <ItemGroup>
    <ClCompile Include="Game-Playing.cpp">
      <Filter>Source Files</Filter>
    </ClCompile>
    <ClCompile Include="Player.cpp">
      <Filter>Source Files</Filter>
    </ClCompile>
    <ClCompile Include="Noughts_and_Crosses.cpp">
      <Filter>Source Files</Filter>
    </ClCompile>
    <ClCompile Include="Player_FirstValidAction.cpp">
      <Filter>Source Files</Filter>
    </ClCompile>
    <ClCompile Include="Contest.cpp">
      <Filter>Source Files</Filter>
    </ClCompile>
    <ClCompile Include="Player_Random.cpp">
      <Filter>Source Files</Filter>
    </ClCompile>
    <ClCompile Include="Player_Minimax.cpp">
      <Filter>Source Files</Filter>
    </ClCompile>
    <ClCompile Include="Player_Alphabeta.cpp">
      <Filter>Source Files</Filter>
    </ClCompile>
    <ClCompile Include="Player_BestNodeSearch.cpp">
      <Filter>Source Files</Filter>
    </ClCompile>
    <ClCompile Include="Player_MinmaxWMem.cpp">
      <Filter>Source Files</Filter>
    </ClCompile>
    <ClCompile Include="Game_Connect4.cpp">
      <Filter>Source Files</Filter>
    </ClCompile>
    <ClCompile Include="Game_Connect4_Bitboards.cpp">
      <Filter>Source Files</Filter>
    </ClCompile>
    <ClCompile Include="Player_Human.cpp">
      <Filter>Source Files</Filter>
    </ClCompile>
    <ClCompile Include="Game_Mancala.cpp">
      <Filter>Source Files</Filter>
    </ClCompile>
  </ItemGroup>
  <ItemGroup>
    <ClInclude Include="resource.h">
      <Filter>Header Files</Filter>
    </ClInclude>
    <ClInclude Include="Player.h">
      <Filter>Header Files</Filter>
    </ClInclude>
    <ClInclude Include="Game.h">
      <Filter>Header Files</Filter>
    </ClInclude>
    <ClInclude Include="Noughts_and_Crosses.h">
      <Filter>Header Files</Filter>
    </ClInclude>
    <ClInclude Include="Player_FirstValidAction.h">
      <Filter>Header Files</Filter>
    </ClInclude>
    <ClInclude Include="Contest.h">
      <Filter>Header Files</Filter>
    </ClInclude>
    <ClInclude Include="Player_Random.h">
      <Filter>Header Files</Filter>
    </ClInclude>
    <ClInclude Include="Player_Minimax.h">
      <Filter>Header Files</Filter>
    </ClInclude>
    <ClInclude Include="Player_Alphabeta.h">
      <Filter>Header Files</Filter>
    </ClInclude>
    <ClInclude Include="Player_BestNodeSearch.h">
      <Filter>Header Files</Filter>
    </ClInclude>
    <ClInclude Include="Player_MinmaxWMem.h">
      <Filter>Header Files</Filter>
    </ClInclude>
    <ClInclude Include="Game_Connect4.h">
      <Filter>Header Files</Filter>
    </ClInclude>
    <ClInclude Include="Game_Connect4_Bitboards.h">
      <Filter>Header Files</Filter>
    </ClInclude>
    <ClInclude Include="Player_Human.h">
      <Filter>Header Files</Filter>
    </ClInclude>
    <ClInclude Include="Game_Mancala.h">
      <Filter>Header Files</Filter>
    </ClInclude>
  </ItemGroup>
  <ItemGroup>
    <ResourceCompile Include="Game-Playing.rc">
      <Filter>Resource Files</Filter>
    </ResourceCompile>
  </ItemGroup>
</Project>